
Microsoft Visual Studio Solution File, Format Version 12.00
# Visual Studio 2012
Project("{8BC9CEB8-8B4A-11D0-8D11-00A0C91BC942}") = "Schiffeversenken", "Schiffeversenken\Schiffeversenken.vcxproj", "{2387E3C0-4C41-47EC-A1AC-B610D7ADCA29}"
EndProject
Global
	GlobalSection(SolutionConfigurationPlatforms) = preSolution
		Debug|Win32 = Debug|Win32
		Release|Win32 = Release|Win32
	EndGlobalSection
	GlobalSection(ProjectConfigurationPlatforms) = postSolution
		{2387E3C0-4C41-47EC-A1AC-B610D7ADCA29}.Debug|Win32.ActiveCfg = Debug|Win32
		{2387E3C0-4C41-47EC-A1AC-B610D7ADCA29}.Debug|Win32.Build.0 = Debug|Win32
		{2387E3C0-4C41-47EC-A1AC-B610D7ADCA29}.Release|Win32.ActiveCfg = Release|Win32
		{2387E3C0-4C41-47EC-A1AC-B610D7ADCA29}.Release|Win32.Build.0 = Release|Win32
	EndGlobalSection
	GlobalSection(SolutionProperties) = preSolution
		HideSolutionNode = FALSE
	EndGlobalSection
EndGlobal
